
Microsoft Visual Studio Solution File, Format Version 12.00
# Visual Studio Version 17
VisualStudioVersion = 17.13.35825.156
MinimumVisualStudioVersion = 10.0.40219.1
Project("{FAE04EC0-301F-11D3-BF4B-00C04F79EFBC}") = "ModusPractica_2", "ModusPractica_2.csproj", "{5E8657E2-1A00-E386-016D-68B85536AD75}"
EndProject
Global
	GlobalSection(SolutionConfigurationPlatforms) = preSolution
		Debug|Any CPU = Debug|Any CPU
		Debug|x64 = Debug|x64
		Debug|x86 = Debug|x86
		Release|Any CPU = Release|Any CPU
		Release|x64 = Release|x64
		Release|x86 = Release|x86
	EndGlobalSection
	GlobalSection(ProjectConfigurationPlatforms) = postSolution
		{5E8657E2-1A00-E386-016D-68B85536AD75}.Debug|Any CPU.ActiveCfg = Debug|Any CPU
		{5E8657E2-1A00-E386-016D-68B85536AD75}.Debug|Any CPU.Build.0 = Debug|Any CPU
		{5E8657E2-1A00-E386-016D-68B85536AD75}.Debug|x64.ActiveCfg = Debug|Any CPU
		{5E8657E2-1A00-E386-016D-68B85536AD75}.Debug|x64.Build.0 = Debug|Any CPU
		{5E8657E2-1A00-E386-016D-68B85536AD75}.Debug|x86.ActiveCfg = Debug|Any CPU
		{5E8657E2-1A00-E386-016D-68B85536AD75}.Debug|x86.Build.0 = Debug|Any CPU
		{5E8657E2-1A00-E386-016D-68B85536AD75}.Release|Any CPU.ActiveCfg = Release|Any CPU
		{5E8657E2-1A00-E386-016D-68B85536AD75}.Release|Any CPU.Build.0 = Release|Any CPU
		{5E8657E2-1A00-E386-016D-68B85536AD75}.Release|x64.ActiveCfg = Release|Any CPU
		{5E8657E2-1A00-E386-016D-68B85536AD75}.Release|x64.Build.0 = Release|Any CPU
		{5E8657E2-1A00-E386-016D-68B85536AD75}.Release|x86.ActiveCfg = Release|Any CPU
		{5E8657E2-1A00-E386-016D-68B85536AD75}.Release|x86.Build.0 = Release|Any CPU
	EndGlobalSection
	GlobalSection(SolutionProperties) = preSolution
		HideSolutionNode = FALSE
	EndGlobalSection
	GlobalSection(ExtensibilityGlobals) = postSolution
		SolutionGuid = {762F31A0-5F7C-4A8B-A3AB-9EF45F0A2334}
	EndGlobalSection
EndGlobal
